// !$*UTF8*$!
{
	archiveVersion = 1;
	classes = {
	};
	objectVersion = 56;
	objects = {

/* Begin PBXBuildFile section */
		4132A8312C91688100C92CE3 /* giftRecordView.swift in Sources */ = {isa = PBXBuildFile; fileRef = 4132A8302C91688100C92CE3 /* giftRecordView.swift */; };
		4132A8332C9169D300C92CE3 /* giftRecorddata.swift in Sources */ = {isa = PBXBuildFile; fileRef = 4132A8322C9169D300C92CE3 /* giftRecorddata.swift */; };
		4145A1AC2C311F2100A3FFA0 /* SwiftUIView.swift in Sources */ = {isa = PBXBuildFile; fileRef = 4145A1AB2C311F2100A3FFA0 /* SwiftUIView.swift */; };
		41834A9E2C90352E006C5FEC /* normal-Imformation.swift in Sources */ = {isa = PBXBuildFile; fileRef = 41834A9D2C90352E006C5FEC /* normal-Imformation.swift */; };
		41B108882C2EDCF6003C9138 /* userdata.swift in Sources */ = {isa = PBXBuildFile; fileRef = 41B108872C2EDCF6003C9138 /* userdata.swift */; };
		41B1088A2C2EDE55003C9138 /* giftView.swift in Sources */ = {isa = PBXBuildFile; fileRef = 41B108892C2EDE55003C9138 /* giftView.swift */; };
		41B1088C2C2EE52D003C9138 /* giftData.swift in Sources */ = {isa = PBXBuildFile; fileRef = 41B1088B2C2EE52D003C9138 /* giftData.swift */; };
		41E6A4622C2F097F002ADAEF /* checkInRecord.swift in Sources */ = {isa = PBXBuildFile; fileRef = 41E6A4612C2F097F002ADAEF /* checkInRecord.swift */; };
		AC7057432C4632550015AE61 /* Airtable.swift in Sources */ = {isa = PBXBuildFile; fileRef = AC7057422C4632540015AE61 /* Airtable.swift */; };
		AC7057452C46395B0015AE61 /* Homepage_Data.swift in Sources */ = {isa = PBXBuildFile; fileRef = AC7057442C46395B0015AE61 /* Homepage_Data.swift */; };
		AC7386E82BE7E00100F7CE7E /* push.swift in Sources */ = {isa = PBXBuildFile; fileRef = AC7386E72BE7E00100F7CE7E /* push.swift */; };
		AC84BA8B2C8605E0000BFA8E /* Login&Register.swift in Sources */ = {isa = PBXBuildFile; fileRef = AC84BA8A2C8605E0000BFA8E /* Login&Register.swift */; };
		AC86E0892C889CD90059B7DA /* Total_People.swift in Sources */ = {isa = PBXBuildFile; fileRef = AC86E0882C889CD90059B7DA /* Total_People.swift */; };
		AC882B032C8B5C1A00DAFA7C /* BeaconData.swift in Sources */ = {isa = PBXBuildFile; fileRef = AC882B022C8B5C1A00DAFA7C /* BeaconData.swift */; };
		ACA427CD2C8CA5E5005C76F4 /* CheckIndata.swift in Sources */ = {isa = PBXBuildFile; fileRef = ACA427CC2C8CA5E5005C76F4 /* CheckIndata.swift */; };
		ACF545E72BE7C5BF00D6B7DF /* iBeacon_projApp.swift in Sources */ = {isa = PBXBuildFile; fileRef = ACF545E62BE7C5BF00D6B7DF /* iBeacon_projApp.swift */; };
		ACF545EB2BE7C5C000D6B7DF /* Assets.xcassets in Resources */ = {isa = PBXBuildFile; fileRef = ACF545EA2BE7C5C000D6B7DF /* Assets.xcassets */; };
		ACF545EE2BE7C5C000D6B7DF /* Preview Assets.xcassets in Resources */ = {isa = PBXBuildFile; fileRef = ACF545ED2BE7C5C000D6B7DF /* Preview Assets.xcassets */; };
		ACF546112BE7C60D00D6B7DF /* Database.swift in Sources */ = {isa = PBXBuildFile; fileRef = ACF546102BE7C60D00D6B7DF /* Database.swift */; };
		ACF546132BE7C65900D6B7DF /* loginView.swift in Sources */ = {isa = PBXBuildFile; fileRef = ACF546122BE7C65900D6B7DF /* loginView.swift */; };
		ACF546152BE7C68800D6B7DF /* homePage.swift in Sources */ = {isa = PBXBuildFile; fileRef = ACF546142BE7C68800D6B7DF /* homePage.swift */; };
		ACF546172BE7C69E00D6B7DF /* peopleFlow.swift in Sources */ = {isa = PBXBuildFile; fileRef = ACF546162BE7C69E00D6B7DF /* peopleFlow.swift */; };
		ACF546192BE7C72600D6B7DF /* RangeBeacon.swift in Sources */ = {isa = PBXBuildFile; fileRef = ACF546182BE7C72600D6B7DF /* RangeBeacon.swift */; };
		ACF5461B2BE7C76D00D6B7DF /* registerView.swift in Sources */ = {isa = PBXBuildFile; fileRef = ACF5461A2BE7C76D00D6B7DF /* registerView.swift */; };
		ACF5461D2BE7C78400D6B7DF /* newbalance.swift in Sources */ = {isa = PBXBuildFile; fileRef = ACF5461C2BE7C78400D6B7DF /* newbalance.swift */; };
		ACF5461F2BE7C79B00D6B7DF /* userInformation.swift in Sources */ = {isa = PBXBuildFile; fileRef = ACF5461E2BE7C79B00D6B7DF /* userInformation.swift */; };
		ACF546212BE7C7AC00D6B7DF /* chanel.swift in Sources */ = {isa = PBXBuildFile; fileRef = ACF546202BE7C7AC00D6B7DF /* chanel.swift */; };
		ACF546232BE7C7C500D6B7DF /* BreakthroughView.swift in Sources */ = {isa = PBXBuildFile; fileRef = ACF546222BE7C7C500D6B7DF /* BreakthroughView.swift */; };
		ACF546252BE7C7F400D6B7DF /* pointView.swift in Sources */ = {isa = PBXBuildFile; fileRef = ACF546242BE7C7F400D6B7DF /* pointView.swift */; };
/* End PBXBuildFile section */

/* Begin PBXFileReference section */
		4132A8302C91688100C92CE3 /* giftRecordView.swift */ = {isa = PBXFileReference; lastKnownFileType = sourcecode.swift; path = giftRecordView.swift; sourceTree = "<group>"; };
		4132A8322C9169D300C92CE3 /* giftRecorddata.swift */ = {isa = PBXFileReference; lastKnownFileType = sourcecode.swift; path = giftRecorddata.swift; sourceTree = "<group>"; };
		4145A1AB2C311F2100A3FFA0 /* SwiftUIView.swift */ = {isa = PBXFileReference; lastKnownFileType = sourcecode.swift; path = SwiftUIView.swift; sourceTree = "<group>"; };
		41834A9D2C90352E006C5FEC /* normal-Imformation.swift */ = {isa = PBXFileReference; lastKnownFileType = sourcecode.swift; path = "normal-Imformation.swift"; sourceTree = "<group>"; };
		41B108872C2EDCF6003C9138 /* userdata.swift */ = {isa = PBXFileReference; lastKnownFileType = sourcecode.swift; path = userdata.swift; sourceTree = "<group>"; };
		41B108892C2EDE55003C9138 /* giftView.swift */ = {isa = PBXFileReference; lastKnownFileType = sourcecode.swift; path = giftView.swift; sourceTree = "<group>"; };
		41B1088B2C2EE52D003C9138 /* giftData.swift */ = {isa = PBXFileReference; lastKnownFileType = sourcecode.swift; path = giftData.swift; sourceTree = "<group>"; };
		41E6A4612C2F097F002ADAEF /* checkInRecord.swift */ = {isa = PBXFileReference; lastKnownFileType = sourcecode.swift; path = checkInRecord.swift; sourceTree = "<group>"; };
		AC0B50362C3695DE00E57117 /* iBeacon-proj-Info.plist */ = {isa = PBXFileReference; lastKnownFileType = text.plist; path = "iBeacon-proj-Info.plist"; sourceTree = SOURCE_ROOT; };
		AC3AC3682C4942D5006977B5 /* iBeacon_projDebug.entitlements */ = {isa = PBXFileReference; fileEncoding = 4; lastKnownFileType = text.plist.entitlements; name = iBeacon_projDebug.entitlements; path = ../../../.Trash/iBeacon_projDebug.entitlements; sourceTree = "<group>"; };
		AC7057422C4632540015AE61 /* Airtable.swift */ = {isa = PBXFileReference; lastKnownFileType = sourcecode.swift; path = Airtable.swift; sourceTree = "<group>"; };
		AC7057442C46395B0015AE61 /* Homepage_Data.swift */ = {isa = PBXFileReference; lastKnownFileType = sourcecode.swift; path = Homepage_Data.swift; sourceTree = "<group>"; };
		AC7386E72BE7E00100F7CE7E /* push.swift */ = {isa = PBXFileReference; lastKnownFileType = sourcecode.swift; path = push.swift; sourceTree = "<group>"; };
		AC84BA8A2C8605E0000BFA8E /* Login&Register.swift */ = {isa = PBXFileReference; lastKnownFileType = sourcecode.swift; path = "Login&Register.swift"; sourceTree = "<group>"; };
		AC86E0882C889CD90059B7DA /* Total_People.swift */ = {isa = PBXFileReference; lastKnownFileType = sourcecode.swift; path = Total_People.swift; sourceTree = "<group>"; };
		AC882B022C8B5C1A00DAFA7C /* BeaconData.swift */ = {isa = PBXFileReference; lastKnownFileType = sourcecode.swift; path = BeaconData.swift; sourceTree = "<group>"; };
		ACA427CC2C8CA5E5005C76F4 /* CheckIndata.swift */ = {isa = PBXFileReference; lastKnownFileType = sourcecode.swift; path = CheckIndata.swift; sourceTree = "<group>"; };
		ACF545E32BE7C5BF00D6B7DF /* iBeacon_proj.app */ = {isa = PBXFileReference; explicitFileType = wrapper.application; includeInIndex = 0; path = iBeacon_proj.app; sourceTree = BUILT_PRODUCTS_DIR; };
		ACF545E62BE7C5BF00D6B7DF /* iBeacon_projApp.swift */ = {isa = PBXFileReference; lastKnownFileType = sourcecode.swift; path = iBeacon_projApp.swift; sourceTree = "<group>"; };
		ACF545EA2BE7C5C000D6B7DF /* Assets.xcassets */ = {isa = PBXFileReference; lastKnownFileType = folder.assetcatalog; path = Assets.xcassets; sourceTree = "<group>"; };
		ACF545ED2BE7C5C000D6B7DF /* Preview Assets.xcassets */ = {isa = PBXFileReference; lastKnownFileType = folder.assetcatalog; path = "Preview Assets.xcassets"; sourceTree = "<group>"; };
		ACF546102BE7C60D00D6B7DF /* Database.swift */ = {isa = PBXFileReference; lastKnownFileType = sourcecode.swift; path = Database.swift; sourceTree = "<group>"; };
		ACF546122BE7C65900D6B7DF /* loginView.swift */ = {isa = PBXFileReference; lastKnownFileType = sourcecode.swift; path = loginView.swift; sourceTree = "<group>"; };
		ACF546142BE7C68800D6B7DF /* homePage.swift */ = {isa = PBXFileReference; lastKnownFileType = sourcecode.swift; path = homePage.swift; sourceTree = "<group>"; };
		ACF546162BE7C69E00D6B7DF /* peopleFlow.swift */ = {isa = PBXFileReference; lastKnownFileType = sourcecode.swift; path = peopleFlow.swift; sourceTree = "<group>"; };
		ACF546182BE7C72600D6B7DF /* RangeBeacon.swift */ = {isa = PBXFileReference; lastKnownFileType = sourcecode.swift; path = RangeBeacon.swift; sourceTree = "<group>"; };
		ACF5461A2BE7C76D00D6B7DF /* registerView.swift */ = {isa = PBXFileReference; lastKnownFileType = sourcecode.swift; path = registerView.swift; sourceTree = "<group>"; };
		ACF5461C2BE7C78400D6B7DF /* newbalance.swift */ = {isa = PBXFileReference; lastKnownFileType = sourcecode.swift; path = newbalance.swift; sourceTree = "<group>"; };
		ACF5461E2BE7C79B00D6B7DF /* userInformation.swift */ = {isa = PBXFileReference; lastKnownFileType = sourcecode.swift; path = userInformation.swift; sourceTree = "<group>"; };
		ACF546202BE7C7AC00D6B7DF /* chanel.swift */ = {isa = PBXFileReference; lastKnownFileType = sourcecode.swift; path = chanel.swift; sourceTree = "<group>"; };
		ACF546222BE7C7C500D6B7DF /* BreakthroughView.swift */ = {isa = PBXFileReference; lastKnownFileType = sourcecode.swift; path = BreakthroughView.swift; sourceTree = "<group>"; };
		ACF546242BE7C7F400D6B7DF /* pointView.swift */ = {isa = PBXFileReference; lastKnownFileType = sourcecode.swift; path = pointView.swift; sourceTree = "<group>"; };
/* End PBXFileReference section */

/* Begin PBXFrameworksBuildPhase section */
		ACF545E02BE7C5BF00D6B7DF /* Frameworks */ = {
			isa = PBXFrameworksBuildPhase;
			buildActionMask = 2147483647;
			files = (
			);
			runOnlyForDeploymentPostprocessing = 0;
		};
/* End PBXFrameworksBuildPhase section */

/* Begin PBXGroup section */
		AC70573A2C462CFC0015AE61 /* database */ = {
			isa = PBXGroup;
			children = (
				ACF546102BE7C60D00D6B7DF /* Database.swift */,
				41B1088B2C2EE52D003C9138 /* giftData.swift */,
				41B108872C2EDCF6003C9138 /* userdata.swift */,
				AC7057422C4632540015AE61 /* Airtable.swift */,
				AC7057442C46395B0015AE61 /* Homepage_Data.swift */,
				AC84BA8A2C8605E0000BFA8E /* Login&Register.swift */,
				AC86E0882C889CD90059B7DA /* Total_People.swift */,
				AC882B022C8B5C1A00DAFA7C /* BeaconData.swift */,
				ACA427CC2C8CA5E5005C76F4 /* CheckIndata.swift */,
				4132A8322C9169D300C92CE3 /* giftRecorddata.swift */,
			);
			path = database;
			sourceTree = "<group>";
		};
		AC70573B2C462F230015AE61 /* Login&Register */ = {
			isa = PBXGroup;
			children = (
				ACF5461A2BE7C76D00D6B7DF /* registerView.swift */,
				ACF546122BE7C65900D6B7DF /* loginView.swift */,
			);
			path = "Login&Register";
			sourceTree = "<group>";
		};
		AC70573C2C462F690015AE61 /* Beacon */ = {
			isa = PBXGroup;
			children = (
				ACF546182BE7C72600D6B7DF /* RangeBeacon.swift */,
			);
			path = Beacon;
			sourceTree = "<group>";
		};
		AC70573D2C462F9D0015AE61 /* Shop */ = {
			isa = PBXGroup;
			children = (
				ACF546202BE7C7AC00D6B7DF /* chanel.swift */,
				ACF5461C2BE7C78400D6B7DF /* newbalance.swift */,
			);
			path = Shop;
			sourceTree = "<group>";
		};
		AC70573E2C4630CE0015AE61 /* User_information */ = {
			isa = PBXGroup;
			children = (
				41E6A4612C2F097F002ADAEF /* checkInRecord.swift */,
				4132A8302C91688100C92CE3 /* giftRecordView.swift */,
				ACF5461E2BE7C79B00D6B7DF /* userInformation.swift */,
				41834A9D2C90352E006C5FEC /* normal-Imformation.swift */,
			);
			path = User_information;
			sourceTree = "<group>";
		};
		AC70573F2C4631900015AE61 /* Product_function */ = {
			isa = PBXGroup;
			children = (
				41B108892C2EDE55003C9138 /* giftView.swift */,
				ACF546242BE7C7F400D6B7DF /* pointView.swift */,
				ACF546222BE7C7C500D6B7DF /* BreakthroughView.swift */,
				AC7386E72BE7E00100F7CE7E /* push.swift */,
				ACF546162BE7C69E00D6B7DF /* peopleFlow.swift */,
			);
			path = Product_function;
			sourceTree = "<group>";
		};
		ACF545DA2BE7C5BF00D6B7DF = {
			isa = PBXGroup;
			children = (
				ACF545E52BE7C5BF00D6B7DF /* iBeacon_proj */,
				ACF545E42BE7C5BF00D6B7DF /* Products */,
			);
			sourceTree = "<group>";
		};
		ACF545E42BE7C5BF00D6B7DF /* Products */ = {
			isa = PBXGroup;
			children = (
				ACF545E32BE7C5BF00D6B7DF /* iBeacon_proj.app */,
			);
			name = Products;
			sourceTree = "<group>";
		};
		ACF545E52BE7C5BF00D6B7DF /* iBeacon_proj */ = {
			isa = PBXGroup;
			children = (
				AC3AC3682C4942D5006977B5 /* iBeacon_projDebug.entitlements */,
				AC70573F2C4631900015AE61 /* Product_function */,
				AC70573E2C4630CE0015AE61 /* User_information */,
				AC70573D2C462F9D0015AE61 /* Shop */,
				AC70573C2C462F690015AE61 /* Beacon */,
				AC70573B2C462F230015AE61 /* Login&Register */,
				AC70573A2C462CFC0015AE61 /* database */,
				AC0B50362C3695DE00E57117 /* iBeacon-proj-Info.plist */,
				ACF545E62BE7C5BF00D6B7DF /* iBeacon_projApp.swift */,
				ACF545EA2BE7C5C000D6B7DF /* Assets.xcassets */,
				ACF546142BE7C68800D6B7DF /* homePage.swift */,
				4145A1AB2C311F2100A3FFA0 /* SwiftUIView.swift */,
				ACF545EC2BE7C5C000D6B7DF /* Preview Content */,
			);
			path = iBeacon_proj;
			sourceTree = "<group>";
		};
		ACF545EC2BE7C5C000D6B7DF /* Preview Content */ = {
			isa = PBXGroup;
			children = (
				ACF545ED2BE7C5C000D6B7DF /* Preview Assets.xcassets */,
			);
			path = "Preview Content";
			sourceTree = "<group>";
		};
/* End PBXGroup section */

/* Begin PBXNativeTarget section */
		ACF545E22BE7C5BF00D6B7DF /* iBeacon_proj */ = {
			isa = PBXNativeTarget;
			buildConfigurationList = ACF546072BE7C5C000D6B7DF /* Build configuration list for PBXNativeTarget "iBeacon_proj" */;
			buildPhases = (
				ACF545DF2BE7C5BF00D6B7DF /* Sources */,
				ACF545E02BE7C5BF00D6B7DF /* Frameworks */,
				ACF545E12BE7C5BF00D6B7DF /* Resources */,
			);
			buildRules = (
			);
			dependencies = (
			);
			name = iBeacon_proj;
			productName = iBeacon_proj;
			productReference = ACF545E32BE7C5BF00D6B7DF /* iBeacon_proj.app */;
			productType = "com.apple.product-type.application";
		};
/* End PBXNativeTarget section */

/* Begin PBXProject section */
		ACF545DB2BE7C5BF00D6B7DF /* Project object */ = {
			isa = PBXProject;
			attributes = {
				BuildIndependentTargetsInParallel = 1;
				LastSwiftUpdateCheck = 1530;
				LastUpgradeCheck = 1530;
				TargetAttributes = {
					ACF545E22BE7C5BF00D6B7DF = {
						CreatedOnToolsVersion = 15.3;
					};
				};
			};
			buildConfigurationList = ACF545DE2BE7C5BF00D6B7DF /* Build configuration list for PBXProject "iBeacon_proj" */;
			compatibilityVersion = "Xcode 14.0";
			developmentRegion = en;
			hasScannedForEncodings = 0;
			knownRegions = (
				en,
				Base,
			);
			mainGroup = ACF545DA2BE7C5BF00D6B7DF;
			productRefGroup = ACF545E42BE7C5BF00D6B7DF /* Products */;
			projectDirPath = "";
			projectRoot = "";
			targets = (
				ACF545E22BE7C5BF00D6B7DF /* iBeacon_proj */,
			);
		};
/* End PBXProject section */

/* Begin PBXResourcesBuildPhase section */
		ACF545E12BE7C5BF00D6B7DF /* Resources */ = {
			isa = PBXResourcesBuildPhase;
			buildActionMask = 2147483647;
			files = (
				ACF545EE2BE7C5C000D6B7DF /* Preview Assets.xcassets in Resources */,
				ACF545EB2BE7C5C000D6B7DF /* Assets.xcassets in Resources */,
			);
			runOnlyForDeploymentPostprocessing = 0;
		};
/* End PBXResourcesBuildPhase section */

/* Begin PBXSourcesBuildPhase section */
		ACF545DF2BE7C5BF00D6B7DF /* Sources */ = {
			isa = PBXSourcesBuildPhase;
			buildActionMask = 2147483647;
			files = (
				ACF546152BE7C68800D6B7DF /* homePage.swift in Sources */,
				AC7057432C4632550015AE61 /* Airtable.swift in Sources */,
				41B108882C2EDCF6003C9138 /* userdata.swift in Sources */,
				4132A8312C91688100C92CE3 /* giftRecordView.swift in Sources */,
				ACA427CD2C8CA5E5005C76F4 /* CheckIndata.swift in Sources */,
				41B1088C2C2EE52D003C9138 /* giftData.swift in Sources */,
				ACF546212BE7C7AC00D6B7DF /* chanel.swift in Sources */,
				ACF5461D2BE7C78400D6B7DF /* newbalance.swift in Sources */,
				ACF546112BE7C60D00D6B7DF /* Database.swift in Sources */,
				ACF5461F2BE7C79B00D6B7DF /* userInformation.swift in Sources */,
				ACF546172BE7C69E00D6B7DF /* peopleFlow.swift in Sources */,
				4145A1AC2C311F2100A3FFA0 /* SwiftUIView.swift in Sources */,
				4132A8332C9169D300C92CE3 /* giftRecorddata.swift in Sources */,
				AC7386E82BE7E00100F7CE7E /* push.swift in Sources */,
				41834A9E2C90352E006C5FEC /* normal-Imformation.swift in Sources */,
				AC86E0892C889CD90059B7DA /* Total_People.swift in Sources */,
				41E6A4622C2F097F002ADAEF /* checkInRecord.swift in Sources */,
				ACF546132BE7C65900D6B7DF /* loginView.swift in Sources */,
				ACF5461B2BE7C76D00D6B7DF /* registerView.swift in Sources */,
				AC882B032C8B5C1A00DAFA7C /* BeaconData.swift in Sources */,
				ACF545E72BE7C5BF00D6B7DF /* iBeacon_projApp.swift in Sources */,
				AC7057452C46395B0015AE61 /* Homepage_Data.swift in Sources */,
				ACF546252BE7C7F400D6B7DF /* pointView.swift in Sources */,
				ACF546232BE7C7C500D6B7DF /* BreakthroughView.swift in Sources */,
				41B1088A2C2EDE55003C9138 /* giftView.swift in Sources */,
				AC84BA8B2C8605E0000BFA8E /* Login&Register.swift in Sources */,
				ACF546192BE7C72600D6B7DF /* RangeBeacon.swift in Sources */,
			);
			runOnlyForDeploymentPostprocessing = 0;
		};
/* End PBXSourcesBuildPhase section */

/* Begin XCBuildConfiguration section */
		ACF546052BE7C5C000D6B7DF /* Debug */ = {
			isa = XCBuildConfiguration;
			buildSettings = {
				ALWAYS_SEARCH_USER_PATHS = NO;
				ASSETCATALOG_COMPILER_GENERATE_SWIFT_ASSET_SYMBOL_EXTENSIONS = YES;
				CLANG_ANALYZER_NONNULL = YES;
				CLANG_ANALYZER_NUMBER_OBJECT_CONVERSION = YES_AGGRESSIVE;
				CLANG_CXX_LANGUAGE_STANDARD = "gnu++20";
				CLANG_ENABLE_MODULES = YES;
				CLANG_ENABLE_OBJC_ARC = YES;
				CLANG_ENABLE_OBJC_WEAK = YES;
				CLANG_WARN_BLOCK_CAPTURE_AUTORELEASING = YES;
				CLANG_WARN_BOOL_CONVERSION = YES;
				CLANG_WARN_COMMA = YES;
				CLANG_WARN_CONSTANT_CONVERSION = YES;
				CLANG_WARN_DEPRECATED_OBJC_IMPLEMENTATIONS = YES;
				CLANG_WARN_DIRECT_OBJC_ISA_USAGE = YES_ERROR;
				CLANG_WARN_DOCUMENTATION_COMMENTS = YES;
				CLANG_WARN_EMPTY_BODY = YES;
				CLANG_WARN_ENUM_CONVERSION = YES;
				CLANG_WARN_INFINITE_RECURSION = YES;
				CLANG_WARN_INT_CONVERSION = YES;
				CLANG_WARN_NON_LITERAL_NULL_CONVERSION = YES;
				CLANG_WARN_OBJC_IMPLICIT_RETAIN_SELF = YES;
				CLANG_WARN_OBJC_LITERAL_CONVERSION = YES;
				CLANG_WARN_OBJC_ROOT_CLASS = YES_ERROR;
				CLANG_WARN_QUOTED_INCLUDE_IN_FRAMEWORK_HEADER = YES;
				CLANG_WARN_RANGE_LOOP_ANALYSIS = YES;
				CLANG_WARN_STRICT_PROTOTYPES = YES;
				CLANG_WARN_SUSPICIOUS_MOVE = YES;
				CLANG_WARN_UNGUARDED_AVAILABILITY = YES_AGGRESSIVE;
				CLANG_WARN_UNREACHABLE_CODE = YES;
				CLANG_WARN__DUPLICATE_METHOD_MATCH = YES;
				COPY_PHASE_STRIP = NO;
				DEBUG_INFORMATION_FORMAT = dwarf;
				ENABLE_STRICT_OBJC_MSGSEND = YES;
				ENABLE_TESTABILITY = YES;
				ENABLE_USER_SCRIPT_SANDBOXING = YES;
				GCC_C_LANGUAGE_STANDARD = gnu17;
				GCC_DYNAMIC_NO_PIC = NO;
				GCC_NO_COMMON_BLOCKS = YES;
				GCC_OPTIMIZATION_LEVEL = 0;
				GCC_PREPROCESSOR_DEFINITIONS = (
					"DEBUG=1",
					"$(inherited)",
				);
				GCC_WARN_64_TO_32_BIT_CONVERSION = YES;
				GCC_WARN_ABOUT_RETURN_TYPE = YES_ERROR;
				GCC_WARN_UNDECLARED_SELECTOR = YES;
				GCC_WARN_UNINITIALIZED_AUTOS = YES_AGGRESSIVE;
				GCC_WARN_UNUSED_FUNCTION = YES;
				GCC_WARN_UNUSED_VARIABLE = YES;
				IPHONEOS_DEPLOYMENT_TARGET = 17.4;
				LOCALIZATION_PREFERS_STRING_CATALOGS = YES;
				MTL_ENABLE_DEBUG_INFO = INCLUDE_SOURCE;
				MTL_FAST_MATH = YES;
				ONLY_ACTIVE_ARCH = YES;
				SDKROOT = iphoneos;
				SWIFT_ACTIVE_COMPILATION_CONDITIONS = "DEBUG $(inherited)";
				SWIFT_OPTIMIZATION_LEVEL = "-Onone";
			};
			name = Debug;
		};
		ACF546062BE7C5C000D6B7DF /* Release */ = {
			isa = XCBuildConfiguration;
			buildSettings = {
				ALWAYS_SEARCH_USER_PATHS = NO;
				ASSETCATALOG_COMPILER_GENERATE_SWIFT_ASSET_SYMBOL_EXTENSIONS = YES;
				CLANG_ANALYZER_NONNULL = YES;
				CLANG_ANALYZER_NUMBER_OBJECT_CONVERSION = YES_AGGRESSIVE;
				CLANG_CXX_LANGUAGE_STANDARD = "gnu++20";
				CLANG_ENABLE_MODULES = YES;
				CLANG_ENABLE_OBJC_ARC = YES;
				CLANG_ENABLE_OBJC_WEAK = YES;
				CLANG_WARN_BLOCK_CAPTURE_AUTORELEASING = YES;
				CLANG_WARN_BOOL_CONVERSION = YES;
				CLANG_WARN_COMMA = YES;
				CLANG_WARN_CONSTANT_CONVERSION = YES;
				CLANG_WARN_DEPRECATED_OBJC_IMPLEMENTATIONS = YES;
				CLANG_WARN_DIRECT_OBJC_ISA_USAGE = YES_ERROR;
				CLANG_WARN_DOCUMENTATION_COMMENTS = YES;
				CLANG_WARN_EMPTY_BODY = YES;
				CLANG_WARN_ENUM_CONVERSION = YES;
				CLANG_WARN_INFINITE_RECURSION = YES;
				CLANG_WARN_INT_CONVERSION = YES;
				CLANG_WARN_NON_LITERAL_NULL_CONVERSION = YES;
				CLANG_WARN_OBJC_IMPLICIT_RETAIN_SELF = YES;
				CLANG_WARN_OBJC_LITERAL_CONVERSION = YES;
				CLANG_WARN_OBJC_ROOT_CLASS = YES_ERROR;
				CLANG_WARN_QUOTED_INCLUDE_IN_FRAMEWORK_HEADER = YES;
				CLANG_WARN_RANGE_LOOP_ANALYSIS = YES;
				CLANG_WARN_STRICT_PROTOTYPES = YES;
				CLANG_WARN_SUSPICIOUS_MOVE = YES;
				CLANG_WARN_UNGUARDED_AVAILABILITY = YES_AGGRESSIVE;
				CLANG_WARN_UNREACHABLE_CODE = YES;
				CLANG_WARN__DUPLICATE_METHOD_MATCH = YES;
				COPY_PHASE_STRIP = NO;
				DEBUG_INFORMATION_FORMAT = "dwarf-with-dsym";
				ENABLE_NS_ASSERTIONS = NO;
				ENABLE_STRICT_OBJC_MSGSEND = YES;
				ENABLE_USER_SCRIPT_SANDBOXING = YES;
				GCC_C_LANGUAGE_STANDARD = gnu17;
				GCC_NO_COMMON_BLOCKS = YES;
				GCC_WARN_64_TO_32_BIT_CONVERSION = YES;
				GCC_WARN_ABOUT_RETURN_TYPE = YES_ERROR;
				GCC_WARN_UNDECLARED_SELECTOR = YES;
				GCC_WARN_UNINITIALIZED_AUTOS = YES_AGGRESSIVE;
				GCC_WARN_UNUSED_FUNCTION = YES;
				GCC_WARN_UNUSED_VARIABLE = YES;
				IPHONEOS_DEPLOYMENT_TARGET = 17.4;
				LOCALIZATION_PREFERS_STRING_CATALOGS = YES;
				MTL_ENABLE_DEBUG_INFO = NO;
				MTL_FAST_MATH = YES;
				SDKROOT = iphoneos;
				SWIFT_COMPILATION_MODE = wholemodule;
				VALIDATE_PRODUCT = YES;
			};
			name = Release;
		};
		ACF546082BE7C5C000D6B7DF /* Debug */ = {
			isa = XCBuildConfiguration;
			buildSettings = {
				ASSETCATALOG_COMPILER_APPICON_NAME = AppIcon;
				ASSETCATALOG_COMPILER_GLOBAL_ACCENT_COLOR_NAME = AccentColor;
				CODE_SIGN_ENTITLEMENTS = "";
				CODE_SIGN_IDENTITY = "Apple Development";
				CODE_SIGN_STYLE = Automatic;
				CURRENT_PROJECT_VERSION = 1;
				DEVELOPMENT_ASSET_PATHS = "\"iBeacon_proj/Preview Content\"";
				DEVELOPMENT_TEAM = 4AHSX5R9GW;
				ENABLE_PREVIEWS = YES;
				GENERATE_INFOPLIST_FILE = YES;
				INFOPLIST_FILE = "iBeacon-proj-Info.plist";
				INFOPLIST_KEY_LSApplicationCategoryType = "";
				INFOPLIST_KEY_NSLocationAlwaysAndWhenInUseUsageDescription = "";
				INFOPLIST_KEY_NSLocationWhenInUseUsageDescription = "";
				INFOPLIST_KEY_UIApplicationSceneManifest_Generation = YES;
				INFOPLIST_KEY_UIApplicationSupportsIndirectInputEvents = YES;
				INFOPLIST_KEY_UILaunchScreen_Generation = YES;
				INFOPLIST_KEY_UISupportedInterfaceOrientations_iPad = "UIInterfaceOrientationPortrait UIInterfaceOrientationPortraitUpsideDown UIInterfaceOrientationLandscapeLeft UIInterfaceOrientationLandscapeRight";
				INFOPLIST_KEY_UISupportedInterfaceOrientations_iPhone = "UIInterfaceOrientationPortrait UIInterfaceOrientationLandscapeLeft UIInterfaceOrientationLandscapeRight";
				LD_RUNPATH_SEARCH_PATHS = (
					"$(inherited)",
					"@executable_path/Frameworks",
				);
				MARKETING_VERSION = 1.0;
				PRODUCT_BUNDLE_IDENTIFIER = "Beacon-proj";
				PRODUCT_NAME = "$(TARGET_NAME)";
				PROVISIONING_PROFILE_SPECIFIER = "";
				SWIFT_EMIT_LOC_STRINGS = YES;
				SWIFT_VERSION = 5.0;
				TARGETED_DEVICE_FAMILY = "1,2";
			};
			name = Debug;
		};
		ACF546092BE7C5C000D6B7DF /* Release */ = {
			isa = XCBuildConfiguration;
			buildSettings = {
				ASSETCATALOG_COMPILER_APPICON_NAME = AppIcon;
				ASSETCATALOG_COMPILER_GLOBAL_ACCENT_COLOR_NAME = AccentColor;
				CODE_SIGN_ENTITLEMENTS = "";
				CODE_SIGN_IDENTITY = "Apple Development";
				CODE_SIGN_STYLE = Automatic;
				CURRENT_PROJECT_VERSION = 1;
				DEVELOPMENT_ASSET_PATHS = "\"iBeacon_proj/Preview Content\"";
				DEVELOPMENT_TEAM = 4AHSX5R9GW;
				ENABLE_PREVIEWS = YES;
				GENERATE_INFOPLIST_FILE = YES;
				INFOPLIST_FILE = "iBeacon-proj-Info.plist";
				INFOPLIST_KEY_LSApplicationCategoryType = "";
				INFOPLIST_KEY_NSLocationAlwaysAndWhenInUseUsageDescription = "";
				INFOPLIST_KEY_NSLocationWhenInUseUsageDescription = "";
				INFOPLIST_KEY_UIApplicationSceneManifest_Generation = YES;
				INFOPLIST_KEY_UIApplicationSupportsIndirectInputEvents = YES;
				INFOPLIST_KEY_UILaunchScreen_Generation = YES;
				INFOPLIST_KEY_UISupportedInterfaceOrientations_iPad = "UIInterfaceOrientationPortrait UIInterfaceOrientationPortraitUpsideDown UIInterfaceOrientationLandscapeLeft UIInterfaceOrientationLandscapeRight";
				INFOPLIST_KEY_UISupportedInterfaceOrientations_iPhone = "UIInterfaceOrientationPortrait UIInterfaceOrientationLandscapeLeft UIInterfaceOrientationLandscapeRight";
				LD_RUNPATH_SEARCH_PATHS = (
					"$(inherited)",
					"@executable_path/Frameworks",
				);
				MARKETING_VERSION = 1.0;
				PRODUCT_BUNDLE_IDENTIFIER = "iBeacon-proj";
				PRODUCT_NAME = "$(TARGET_NAME)";
				PROVISIONING_PROFILE_SPECIFIER = "";
				SWIFT_EMIT_LOC_STRINGS = YES;
				SWIFT_VERSION = 5.0;
				TARGETED_DEVICE_FAMILY = "1,2";
			};
			name = Release;
		};
/* End XCBuildConfiguration section */

/* Begin XCConfigurationList section */
		ACF545DE2BE7C5BF00D6B7DF /* Build configuration list for PBXProject "iBeacon_proj" */ = {
			isa = XCConfigurationList;
			buildConfigurations = (
				ACF546052BE7C5C000D6B7DF /* Debug */,
				ACF546062BE7C5C000D6B7DF /* Release */,
			);
			defaultConfigurationIsVisible = 0;
			defaultConfigurationName = Release;
		};
		ACF546072BE7C5C000D6B7DF /* Build configuration list for PBXNativeTarget "iBeacon_proj" */ = {
			isa = XCConfigurationList;
			buildConfigurations = (
				ACF546082BE7C5C000D6B7DF /* Debug */,
				ACF546092BE7C5C000D6B7DF /* Release */,
			);
			defaultConfigurationIsVisible = 0;
			defaultConfigurationName = Release;
		};
/* End XCConfigurationList section */
	};
	rootObject = ACF545DB2BE7C5BF00D6B7DF /* Project object */;
}
