// !$*UTF8*$!
{
	archiveVersion = 1;
	classes = {
	};
	objectVersion = 56;
	objects = {

/* Begin PBXBuildFile section */
		AC7386E62BE7D55400F7CE7E /* BeaconView.swift in Sources */ = {isa = PBXBuildFile; fileRef = AC7386E52BE7D55400F7CE7E /* BeaconView.swift */; };
		AC7386E82BE7E00100F7CE7E /* push.swift in Sources */ = {isa = PBXBuildFile; fileRef = AC7386E72BE7E00100F7CE7E /* push.swift */; };
		ACF545E72BE7C5BF00D6B7DF /* iBeacon_projApp.swift in Sources */ = {isa = PBXBuildFile; fileRef = ACF545E62BE7C5BF00D6B7DF /* iBeacon_projApp.swift */; };
		ACF545EB2BE7C5C000D6B7DF /* Assets.xcassets in Resources */ = {isa = PBXBuildFile; fileRef = ACF545EA2BE7C5C000D6B7DF /* Assets.xcassets */; };
		ACF545EE2BE7C5C000D6B7DF /* Preview Assets.xcassets in Resources */ = {isa = PBXBuildFile; fileRef = ACF545ED2BE7C5C000D6B7DF /* Preview Assets.xcassets */; };
		ACF546112BE7C60D00D6B7DF /* Database.swift in Sources */ = {isa = PBXBuildFile; fileRef = ACF546102BE7C60D00D6B7DF /* Database.swift */; };
		ACF546132BE7C65900D6B7DF /* loginView.swift in Sources */ = {isa = PBXBuildFile; fileRef = ACF546122BE7C65900D6B7DF /* loginView.swift */; };
		ACF546152BE7C68800D6B7DF /* homePage.swift in Sources */ = {isa = PBXBuildFile; fileRef = ACF546142BE7C68800D6B7DF /* homePage.swift */; };
		ACF546172BE7C69E00D6B7DF /* peopleFlow.swift in Sources */ = {isa = PBXBuildFile; fileRef = ACF546162BE7C69E00D6B7DF /* peopleFlow.swift */; };
		ACF546192BE7C72600D6B7DF /* RangeBeacon.swift in Sources */ = {isa = PBXBuildFile; fileRef = ACF546182BE7C72600D6B7DF /* RangeBeacon.swift */; };
		ACF5461B2BE7C76D00D6B7DF /* registerView.swift in Sources */ = {isa = PBXBuildFile; fileRef = ACF5461A2BE7C76D00D6B7DF /* registerView.swift */; };
		ACF5461D2BE7C78400D6B7DF /* newbalance.swift in Sources */ = {isa = PBXBuildFile; fileRef = ACF5461C2BE7C78400D6B7DF /* newbalance.swift */; };
		ACF5461F2BE7C79B00D6B7DF /* userInformation.swift in Sources */ = {isa = PBXBuildFile; fileRef = ACF5461E2BE7C79B00D6B7DF /* userInformation.swift */; };
		ACF546212BE7C7AC00D6B7DF /* chanel.swift in Sources */ = {isa = PBXBuildFile; fileRef = ACF546202BE7C7AC00D6B7DF /* chanel.swift */; };
		ACF546232BE7C7C500D6B7DF /* BreakthroughView.swift in Sources */ = {isa = PBXBuildFile; fileRef = ACF546222BE7C7C500D6B7DF /* BreakthroughView.swift */; };
		ACF546252BE7C7F400D6B7DF /* pointView.swift in Sources */ = {isa = PBXBuildFile; fileRef = ACF546242BE7C7F400D6B7DF /* pointView.swift */; };
/* End PBXBuildFile section */

/* Begin PBXFileReference section */
		AC7386E52BE7D55400F7CE7E /* BeaconView.swift */ = {isa = PBXFileReference; lastKnownFileType = sourcecode.swift; path = BeaconView.swift; sourceTree = "<group>"; };
		AC7386E72BE7E00100F7CE7E /* push.swift */ = {isa = PBXFileReference; lastKnownFileType = sourcecode.swift; path = push.swift; sourceTree = "<group>"; };
		ACF545E32BE7C5BF00D6B7DF /* iBeacon_proj.app */ = {isa = PBXFileReference; explicitFileType = wrapper.application; includeInIndex = 0; path = iBeacon_proj.app; sourceTree = BUILT_PRODUCTS_DIR; };
		ACF545E62BE7C5BF00D6B7DF /* iBeacon_projApp.swift */ = {isa = PBXFileReference; lastKnownFileType = sourcecode.swift; path = iBeacon_projApp.swift; sourceTree = "<group>"; };
		ACF545EA2BE7C5C000D6B7DF /* Assets.xcassets */ = {isa = PBXFileReference; lastKnownFileType = folder.assetcatalog; path = Assets.xcassets; sourceTree = "<group>"; };
		ACF545ED2BE7C5C000D6B7DF /* Preview Assets.xcassets */ = {isa = PBXFileReference; lastKnownFileType = folder.assetcatalog; path = "Preview Assets.xcassets"; sourceTree = "<group>"; };
		ACF546102BE7C60D00D6B7DF /* Database.swift */ = {isa = PBXFileReference; lastKnownFileType = sourcecode.swift; path = Database.swift; sourceTree = "<group>"; };
		ACF546122BE7C65900D6B7DF /* loginView.swift */ = {isa = PBXFileReference; lastKnownFileType = sourcecode.swift; path = loginView.swift; sourceTree = "<group>"; };
		ACF546142BE7C68800D6B7DF /* homePage.swift */ = {isa = PBXFileReference; lastKnownFileType = sourcecode.swift; path = homePage.swift; sourceTree = "<group>"; };
		ACF546162BE7C69E00D6B7DF /* peopleFlow.swift */ = {isa = PBXFileReference; lastKnownFileType = sourcecode.swift; path = peopleFlow.swift; sourceTree = "<group>"; };
		ACF546182BE7C72600D6B7DF /* RangeBeacon.swift */ = {isa = PBXFileReference; lastKnownFileType = sourcecode.swift; path = RangeBeacon.swift; sourceTree = "<group>"; };
		ACF5461A2BE7C76D00D6B7DF /* registerView.swift */ = {isa = PBXFileReference; lastKnownFileType = sourcecode.swift; path = registerView.swift; sourceTree = "<group>"; };
		ACF5461C2BE7C78400D6B7DF /* newbalance.swift */ = {isa = PBXFileReference; lastKnownFileType = sourcecode.swift; path = newbalance.swift; sourceTree = "<group>"; };
		ACF5461E2BE7C79B00D6B7DF /* userInformation.swift */ = {isa = PBXFileReference; lastKnownFileType = sourcecode.swift; path = userInformation.swift; sourceTree = "<group>"; };
		ACF546202BE7C7AC00D6B7DF /* chanel.swift */ = {isa = PBXFileReference; lastKnownFileType = sourcecode.swift; path = chanel.swift; sourceTree = "<group>"; };
		ACF546222BE7C7C500D6B7DF /* BreakthroughView.swift */ = {isa = PBXFileReference; lastKnownFileType = sourcecode.swift; path = BreakthroughView.swift; sourceTree = "<group>"; };
		ACF546242BE7C7F400D6B7DF /* pointView.swift */ = {isa = PBXFileReference; lastKnownFileType = sourcecode.swift; path = pointView.swift; sourceTree = "<group>"; };
/* End PBXFileReference section */

/* Begin PBXFrameworksBuildPhase section */
		ACF545E02BE7C5BF00D6B7DF /* Frameworks */ = {
			isa = PBXFrameworksBuildPhase;
			buildActionMask = 2147483647;
			files = (
			);
			runOnlyForDeploymentPostprocessing = 0;
		};
/* End PBXFrameworksBuildPhase section */

/* Begin PBXGroup section */
		ACF545DA2BE7C5BF00D6B7DF = {
			isa = PBXGroup;
			children = (
				ACF545E52BE7C5BF00D6B7DF /* iBeacon_proj */,
				ACF545E42BE7C5BF00D6B7DF /* Products */,
			);
			sourceTree = "<group>";
		};
		ACF545E42BE7C5BF00D6B7DF /* Products */ = {
			isa = PBXGroup;
			children = (
				ACF545E32BE7C5BF00D6B7DF /* iBeacon_proj.app */,
			);
			name = Products;
			sourceTree = "<group>";
		};
		ACF545E52BE7C5BF00D6B7DF /* iBeacon_proj */ = {
			isa = PBXGroup;
			children = (
				ACF545E62BE7C5BF00D6B7DF /* iBeacon_projApp.swift */,
				ACF545EA2BE7C5C000D6B7DF /* Assets.xcassets */,
				ACF546102BE7C60D00D6B7DF /* Database.swift */,
				ACF546122BE7C65900D6B7DF /* loginView.swift */,
				ACF546142BE7C68800D6B7DF /* homePage.swift */,
				ACF546162BE7C69E00D6B7DF /* peopleFlow.swift */,
				AC7386E72BE7E00100F7CE7E /* push.swift */,
				ACF546182BE7C72600D6B7DF /* RangeBeacon.swift */,
				ACF5461A2BE7C76D00D6B7DF /* registerView.swift */,
				ACF5461C2BE7C78400D6B7DF /* newbalance.swift */,
				ACF5461E2BE7C79B00D6B7DF /* userInformation.swift */,
				ACF546202BE7C7AC00D6B7DF /* chanel.swift */,
				ACF546222BE7C7C500D6B7DF /* BreakthroughView.swift */,
				ACF546242BE7C7F400D6B7DF /* pointView.swift */,
				AC7386E52BE7D55400F7CE7E /* BeaconView.swift */,
				ACF545EC2BE7C5C000D6B7DF /* Preview Content */,
			);
			path = iBeacon_proj;
			sourceTree = "<group>";
		};
		ACF545EC2BE7C5C000D6B7DF /* Preview Content */ = {
			isa = PBXGroup;
			children = (
				ACF545ED2BE7C5C000D6B7DF /* Preview Assets.xcassets */,
			);
			path = "Preview Content";
			sourceTree = "<group>";
		};
/* End PBXGroup section */

/* Begin PBXNativeTarget section */
		ACF545E22BE7C5BF00D6B7DF /* iBeacon_proj */ = {
			isa = PBXNativeTarget;
			buildConfigurationList = ACF546072BE7C5C000D6B7DF /* Build configuration list for PBXNativeTarget "iBeacon_proj" */;
			buildPhases = (
				ACF545DF2BE7C5BF00D6B7DF /* Sources */,
				ACF545E02BE7C5BF00D6B7DF /* Frameworks */,
				ACF545E12BE7C5BF00D6B7DF /* Resources */,
			);
			buildRules = (
			);
			dependencies = (
			);
			name = iBeacon_proj;
			productName = iBeacon_proj;
			productReference = ACF545E32BE7C5BF00D6B7DF /* iBeacon_proj.app */;
			productType = "com.apple.product-type.application";
		};
/* End PBXNativeTarget section */

/* Begin PBXProject section */
		ACF545DB2BE7C5BF00D6B7DF /* Project object */ = {
			isa = PBXProject;
			attributes = {
				BuildIndependentTargetsInParallel = 1;
				LastSwiftUpdateCheck = 1530;
				LastUpgradeCheck = 1530;
				TargetAttributes = {
					ACF545E22BE7C5BF00D6B7DF = {
						CreatedOnToolsVersion = 15.3;
					};
				};
			};
			buildConfigurationList = ACF545DE2BE7C5BF00D6B7DF /* Build configuration list for PBXProject "iBeacon_proj" */;
			compatibilityVersion = "Xcode 14.0";
			developmentRegion = en;
			hasScannedForEncodings = 0;
			knownRegions = (
				en,
				Base,
			);
			mainGroup = ACF545DA2BE7C5BF00D6B7DF;
			productRefGroup = ACF545E42BE7C5BF00D6B7DF /* Products */;
			projectDirPath = "";
			projectRoot = "";
			targets = (
				ACF545E22BE7C5BF00D6B7DF /* iBeacon_proj */,
			);
		};
/* End PBXProject section */

/* Begin PBXResourcesBuildPhase section */
		ACF545E12BE7C5BF00D6B7DF /* Resources */ = {
			isa = PBXResourcesBuildPhase;
			buildActionMask = 2147483647;
			files = (
				ACF545EE2BE7C5C000D6B7DF /* Preview Assets.xcassets in Resources */,
				ACF545EB2BE7C5C000D6B7DF /* Assets.xcassets in Resources */,
			);
			runOnlyForDeploymentPostprocessing = 0;
		};
/* End PBXResourcesBuildPhase section */

/* Begin PBXSourcesBuildPhase section */
		ACF545DF2BE7C5BF00D6B7DF /* Sources */ = {
			isa = PBXSourcesBuildPhase;
			buildActionMask = 2147483647;
			files = (
				ACF546152BE7C68800D6B7DF /* homePage.swift in Sources */,
				AC7386E62BE7D55400F7CE7E /* BeaconView.swift in Sources */,
				ACF546212BE7C7AC00D6B7DF /* chanel.swift in Sources */,
				ACF5461D2BE7C78400D6B7DF /* newbalance.swift in Sources */,
				ACF546112BE7C60D00D6B7DF /* Database.swift in Sources */,
				ACF5461F2BE7C79B00D6B7DF /* userInformation.swift in Sources */,
				ACF546172BE7C69E00D6B7DF /* peopleFlow.swift in Sources */,
				AC7386E82BE7E00100F7CE7E /* push.swift in Sources */,
				ACF546132BE7C65900D6B7DF /* loginView.swift in Sources */,
				ACF5461B2BE7C76D00D6B7DF /* registerView.swift in Sources */,
				ACF545E72BE7C5BF00D6B7DF /* iBeacon_projApp.swift in Sources */,
				ACF546252BE7C7F400D6B7DF /* pointView.swift in Sources */,
				ACF546232BE7C7C500D6B7DF /* BreakthroughView.swift in Sources */,
				ACF546192BE7C72600D6B7DF /* RangeBeacon.swift in Sources */,
			);
			runOnlyForDeploymentPostprocessing = 0;
		};
/* End PBXSourcesBuildPhase section */

/* Begin XCBuildConfiguration section */
		ACF546052BE7C5C000D6B7DF /* Debug */ = {
			isa = XCBuildConfiguration;
			buildSettings = {
				ALWAYS_SEARCH_USER_PATHS = NO;
				ASSETCATALOG_COMPILER_GENERATE_SWIFT_ASSET_SYMBOL_EXTENSIONS = YES;
				CLANG_ANALYZER_NONNULL = YES;
				CLANG_ANALYZER_NUMBER_OBJECT_CONVERSION = YES_AGGRESSIVE;
				CLANG_CXX_LANGUAGE_STANDARD = "gnu++20";
				CLANG_ENABLE_MODULES = YES;
				CLANG_ENABLE_OBJC_ARC = YES;
				CLANG_ENABLE_OBJC_WEAK = YES;
				CLANG_WARN_BLOCK_CAPTURE_AUTORELEASING = YES;
				CLANG_WARN_BOOL_CONVERSION = YES;
				CLANG_WARN_COMMA = YES;
				CLANG_WARN_CONSTANT_CONVERSION = YES;
				CLANG_WARN_DEPRECATED_OBJC_IMPLEMENTATIONS = YES;
				CLANG_WARN_DIRECT_OBJC_ISA_USAGE = YES_ERROR;
				CLANG_WARN_DOCUMENTATION_COMMENTS = YES;
				CLANG_WARN_EMPTY_BODY = YES;
				CLANG_WARN_ENUM_CONVERSION = YES;
				CLANG_WARN_INFINITE_RECURSION = YES;
				CLANG_WARN_INT_CONVERSION = YES;
				CLANG_WARN_NON_LITERAL_NULL_CONVERSION = YES;
				CLANG_WARN_OBJC_IMPLICIT_RETAIN_SELF = YES;
				CLANG_WARN_OBJC_LITERAL_CONVERSION = YES;
				CLANG_WARN_OBJC_ROOT_CLASS = YES_ERROR;
				CLANG_WARN_QUOTED_INCLUDE_IN_FRAMEWORK_HEADER = YES;
				CLANG_WARN_RANGE_LOOP_ANALYSIS = YES;
				CLANG_WARN_STRICT_PROTOTYPES = YES;
				CLANG_WARN_SUSPICIOUS_MOVE = YES;
				CLANG_WARN_UNGUARDED_AVAILABILITY = YES_AGGRESSIVE;
				CLANG_WARN_UNREACHABLE_CODE = YES;
				CLANG_WARN__DUPLICATE_METHOD_MATCH = YES;
				COPY_PHASE_STRIP = NO;
				DEBUG_INFORMATION_FORMAT = dwarf;
				ENABLE_STRICT_OBJC_MSGSEND = YES;
				ENABLE_TESTABILITY = YES;
				ENABLE_USER_SCRIPT_SANDBOXING = YES;
				GCC_C_LANGUAGE_STANDARD = gnu17;
				GCC_DYNAMIC_NO_PIC = NO;
				GCC_NO_COMMON_BLOCKS = YES;
				GCC_OPTIMIZATION_LEVEL = 0;
				GCC_PREPROCESSOR_DEFINITIONS = (
					"DEBUG=1",
					"$(inherited)",
				);
				GCC_WARN_64_TO_32_BIT_CONVERSION = YES;
				GCC_WARN_ABOUT_RETURN_TYPE = YES_ERROR;
				GCC_WARN_UNDECLARED_SELECTOR = YES;
				GCC_WARN_UNINITIALIZED_AUTOS = YES_AGGRESSIVE;
				GCC_WARN_UNUSED_FUNCTION = YES;
				GCC_WARN_UNUSED_VARIABLE = YES;
				IPHONEOS_DEPLOYMENT_TARGET = 17.4;
				LOCALIZATION_PREFERS_STRING_CATALOGS = YES;
				MTL_ENABLE_DEBUG_INFO = INCLUDE_SOURCE;
				MTL_FAST_MATH = YES;
				ONLY_ACTIVE_ARCH = YES;
				SDKROOT = iphoneos;
				SWIFT_ACTIVE_COMPILATION_CONDITIONS = "DEBUG $(inherited)";
				SWIFT_OPTIMIZATION_LEVEL = "-Onone";
			};
			name = Debug;
		};
		ACF546062BE7C5C000D6B7DF /* Release */ = {
			isa = XCBuildConfiguration;
			buildSettings = {
				ALWAYS_SEARCH_USER_PATHS = NO;
				ASSETCATALOG_COMPILER_GENERATE_SWIFT_ASSET_SYMBOL_EXTENSIONS = YES;
				CLANG_ANALYZER_NONNULL = YES;
				CLANG_ANALYZER_NUMBER_OBJECT_CONVERSION = YES_AGGRESSIVE;
				CLANG_CXX_LANGUAGE_STANDARD = "gnu++20";
				CLANG_ENABLE_MODULES = YES;
				CLANG_ENABLE_OBJC_ARC = YES;
				CLANG_ENABLE_OBJC_WEAK = YES;
				CLANG_WARN_BLOCK_CAPTURE_AUTORELEASING = YES;
				CLANG_WARN_BOOL_CONVERSION = YES;
				CLANG_WARN_COMMA = YES;
				CLANG_WARN_CONSTANT_CONVERSION = YES;
				CLANG_WARN_DEPRECATED_OBJC_IMPLEMENTATIONS = YES;
				CLANG_WARN_DIRECT_OBJC_ISA_USAGE = YES_ERROR;
				CLANG_WARN_DOCUMENTATION_COMMENTS = YES;
				CLANG_WARN_EMPTY_BODY = YES;
				CLANG_WARN_ENUM_CONVERSION = YES;
				CLANG_WARN_INFINITE_RECURSION = YES;
				CLANG_WARN_INT_CONVERSION = YES;
				CLANG_WARN_NON_LITERAL_NULL_CONVERSION = YES;
				CLANG_WARN_OBJC_IMPLICIT_RETAIN_SELF = YES;
				CLANG_WARN_OBJC_LITERAL_CONVERSION = YES;
				CLANG_WARN_OBJC_ROOT_CLASS = YES_ERROR;
				CLANG_WARN_QUOTED_INCLUDE_IN_FRAMEWORK_HEADER = YES;
				CLANG_WARN_RANGE_LOOP_ANALYSIS = YES;
				CLANG_WARN_STRICT_PROTOTYPES = YES;
				CLANG_WARN_SUSPICIOUS_MOVE = YES;
				CLANG_WARN_UNGUARDED_AVAILABILITY = YES_AGGRESSIVE;
				CLANG_WARN_UNREACHABLE_CODE = YES;
				CLANG_WARN__DUPLICATE_METHOD_MATCH = YES;
				COPY_PHASE_STRIP = NO;
				DEBUG_INFORMATION_FORMAT = "dwarf-with-dsym";
				ENABLE_NS_ASSERTIONS = NO;
				ENABLE_STRICT_OBJC_MSGSEND = YES;
				ENABLE_USER_SCRIPT_SANDBOXING = YES;
				GCC_C_LANGUAGE_STANDARD = gnu17;
				GCC_NO_COMMON_BLOCKS = YES;
				GCC_WARN_64_TO_32_BIT_CONVERSION = YES;
				GCC_WARN_ABOUT_RETURN_TYPE = YES_ERROR;
				GCC_WARN_UNDECLARED_SELECTOR = YES;
				GCC_WARN_UNINITIALIZED_AUTOS = YES_AGGRESSIVE;
				GCC_WARN_UNUSED_FUNCTION = YES;
				GCC_WARN_UNUSED_VARIABLE = YES;
				IPHONEOS_DEPLOYMENT_TARGET = 17.4;
				LOCALIZATION_PREFERS_STRING_CATALOGS = YES;
				MTL_ENABLE_DEBUG_INFO = NO;
				MTL_FAST_MATH = YES;
				SDKROOT = iphoneos;
				SWIFT_COMPILATION_MODE = wholemodule;
				VALIDATE_PRODUCT = YES;
			};
			name = Release;
		};
		ACF546082BE7C5C000D6B7DF /* Debug */ = {
			isa = XCBuildConfiguration;
			buildSettings = {
				ASSETCATALOG_COMPILER_APPICON_NAME = AppIcon;
				ASSETCATALOG_COMPILER_GLOBAL_ACCENT_COLOR_NAME = AccentColor;
				CODE_SIGN_STYLE = Automatic;
				CURRENT_PROJECT_VERSION = 1;
				DEVELOPMENT_ASSET_PATHS = "\"iBeacon_proj/Preview Content\"";
				DEVELOPMENT_TEAM = 7QAF64L6SC;
				ENABLE_PREVIEWS = YES;
				GENERATE_INFOPLIST_FILE = YES;
				INFOPLIST_KEY_NSLocationAlwaysAndWhenInUseUsageDescription = "";
				INFOPLIST_KEY_NSLocationWhenInUseUsageDescription = "";
				INFOPLIST_KEY_UIApplicationSceneManifest_Generation = YES;
				INFOPLIST_KEY_UIApplicationSupportsIndirectInputEvents = YES;
				INFOPLIST_KEY_UILaunchScreen_Generation = YES;
				INFOPLIST_KEY_UISupportedInterfaceOrientations_iPad = "UIInterfaceOrientationPortrait UIInterfaceOrientationPortraitUpsideDown UIInterfaceOrientationLandscapeLeft UIInterfaceOrientationLandscapeRight";
				INFOPLIST_KEY_UISupportedInterfaceOrientations_iPhone = "UIInterfaceOrientationPortrait UIInterfaceOrientationLandscapeLeft UIInterfaceOrientationLandscapeRight";
				LD_RUNPATH_SEARCH_PATHS = (
					"$(inherited)",
					"@executable_path/Frameworks",
				);
				MARKETING_VERSION = 1.0;
				PRODUCT_BUNDLE_IDENTIFIER = "None.iBeacon-proj";
				PRODUCT_NAME = "$(TARGET_NAME)";
				SWIFT_EMIT_LOC_STRINGS = YES;
				SWIFT_VERSION = 5.0;
				TARGETED_DEVICE_FAMILY = "1,2";
			};
			name = Debug;
		};
		ACF546092BE7C5C000D6B7DF /* Release */ = {
			isa = XCBuildConfiguration;
			buildSettings = {
				ASSETCATALOG_COMPILER_APPICON_NAME = AppIcon;
				ASSETCATALOG_COMPILER_GLOBAL_ACCENT_COLOR_NAME = AccentColor;
				CODE_SIGN_STYLE = Automatic;
				CURRENT_PROJECT_VERSION = 1;
				DEVELOPMENT_ASSET_PATHS = "\"iBeacon_proj/Preview Content\"";
				DEVELOPMENT_TEAM = 7QAF64L6SC;
				ENABLE_PREVIEWS = YES;
				GENERATE_INFOPLIST_FILE = YES;
				INFOPLIST_KEY_NSLocationAlwaysAndWhenInUseUsageDescription = "";
				INFOPLIST_KEY_NSLocationWhenInUseUsageDescription = "";
				INFOPLIST_KEY_UIApplicationSceneManifest_Generation = YES;
				INFOPLIST_KEY_UIApplicationSupportsIndirectInputEvents = YES;
				INFOPLIST_KEY_UILaunchScreen_Generation = YES;
				INFOPLIST_KEY_UISupportedInterfaceOrientations_iPad = "UIInterfaceOrientationPortrait UIInterfaceOrientationPortraitUpsideDown UIInterfaceOrientationLandscapeLeft UIInterfaceOrientationLandscapeRight";
				INFOPLIST_KEY_UISupportedInterfaceOrientations_iPhone = "UIInterfaceOrientationPortrait UIInterfaceOrientationLandscapeLeft UIInterfaceOrientationLandscapeRight";
				LD_RUNPATH_SEARCH_PATHS = (
					"$(inherited)",
					"@executable_path/Frameworks",
				);
				MARKETING_VERSION = 1.0;
				PRODUCT_BUNDLE_IDENTIFIER = "None.iBeacon-proj";
				PRODUCT_NAME = "$(TARGET_NAME)";
				SWIFT_EMIT_LOC_STRINGS = YES;
				SWIFT_VERSION = 5.0;
				TARGETED_DEVICE_FAMILY = "1,2";
			};
			name = Release;
		};
/* End XCBuildConfiguration section */

/* Begin XCConfigurationList section */
		ACF545DE2BE7C5BF00D6B7DF /* Build configuration list for PBXProject "iBeacon_proj" */ = {
			isa = XCConfigurationList;
			buildConfigurations = (
				ACF546052BE7C5C000D6B7DF /* Debug */,
				ACF546062BE7C5C000D6B7DF /* Release */,
			);
			defaultConfigurationIsVisible = 0;
			defaultConfigurationName = Release;
		};
		ACF546072BE7C5C000D6B7DF /* Build configuration list for PBXNativeTarget "iBeacon_proj" */ = {
			isa = XCConfigurationList;
			buildConfigurations = (
				ACF546082BE7C5C000D6B7DF /* Debug */,
				ACF546092BE7C5C000D6B7DF /* Release */,
			);
			defaultConfigurationIsVisible = 0;
			defaultConfigurationName = Release;
		};
/* End XCConfigurationList section */
	};
	rootObject = ACF545DB2BE7C5BF00D6B7DF /* Project object */;
}
